
Microsoft Visual Studio Solution File, Format Version 12.00
# Visual Studio Version 17
VisualStudioVersion = 17.8.34330.188
MinimumVisualStudioVersion = 10.0.40219.1
Project("{9A19103F-16F7-4668-BE54-9A1E7A4F7556}") = "ForumForGaming", "ForumForGaming.csproj", "{51CA45F3-B393-408A-BA04-AED13EFC4989}"
EndProject
Global
	GlobalSection(SolutionConfigurationPlatforms) = preSolution
		Debug|Any CPU = Debug|Any CPU
		Release|Any CPU = Release|Any CPU
	EndGlobalSection
	GlobalSection(ProjectConfigurationPlatforms) = postSolution
		{51CA45F3-B393-408A-BA04-AED13EFC4989}.Debug|Any CPU.ActiveCfg = Debug|Any CPU
		{51CA45F3-B393-408A-BA04-AED13EFC4989}.Debug|Any CPU.Build.0 = Debug|Any CPU
		{51CA45F3-B393-408A-BA04-AED13EFC4989}.Release|Any CPU.ActiveCfg = Release|Any CPU
		{51CA45F3-B393-408A-BA04-AED13EFC4989}.Release|Any CPU.Build.0 = Release|Any CPU
	EndGlobalSection
	GlobalSection(SolutionProperties) = preSolution
		HideSolutionNode = FALSE
	EndGlobalSection
	GlobalSection(ExtensibilityGlobals) = postSolution
		SolutionGuid = {7D5B6D4B-4133-4956-86C3-6C2EB688E848}
	EndGlobalSection
EndGlobal
